// !$*UTF8*$!
{
	archiveVersion = 1;
	classes = {
	};
	objectVersion = 46;
	objects = {

/* Begin PBXBuildFile section */
		3FE0A7DE1C19BAC8006C1C35 /* main.m in Sources */ = {isa = PBXBuildFile; fileRef = 3FE0A7DD1C19BAC8006C1C35 /* main.m */; };
		3FE0A7E11C19BAC8006C1C35 /* AppDelegate.m in Sources */ = {isa = PBXBuildFile; fileRef = 3FE0A7E01C19BAC8006C1C35 /* AppDelegate.m */; };
		3FE0A7E41C19BAC8006C1C35 /* ViewController.m in Sources */ = {isa = PBXBuildFile; fileRef = 3FE0A7E31C19BAC8006C1C35 /* ViewController.m */; };
		3FE0A7E71C19BAC8006C1C35 /* Main.storyboard in Resources */ = {isa = PBXBuildFile; fileRef = 3FE0A7E51C19BAC8006C1C35 /* Main.storyboard */; };
		3FE0A7E91C19BAC8006C1C35 /* Images.xcassets in Resources */ = {isa = PBXBuildFile; fileRef = 3FE0A7E81C19BAC8006C1C35 /* Images.xcassets */; };
		3FE0A7EC1C19BAC8006C1C35 /* LaunchScreen.xib in Resources */ = {isa = PBXBuildFile; fileRef = 3FE0A7EA1C19BAC8006C1C35 /* LaunchScreen.xib */; };
		3FE0A7F81C19BAC8006C1C35 /* NewsAppTests.m in Sources */ = {isa = PBXBuildFile; fileRef = 3FE0A7F71C19BAC8006C1C35 /* NewsAppTests.m */; };
		3FE0A8031C19BB34006C1C35 /* InfoTableViewCell.m in Sources */ = {isa = PBXBuildFile; fileRef = 3FE0A8021C19BB34006C1C35 /* InfoTableViewCell.m */; };
		3FE0A8061C19D412006C1C35 /* News.m in Sources */ = {isa = PBXBuildFile; fileRef = 3FE0A8051C19D412006C1C35 /* News.m */; };
/* End PBXBuildFile section */

/* Begin PBXContainerItemProxy section */
		3FE0A7F21C19BAC8006C1C35 /* PBXContainerItemProxy */ = {
			isa = PBXContainerItemProxy;
			containerPortal = 3FE0A7D01C19BAC8006C1C35 /* Project object */;
			proxyType = 1;
			remoteGlobalIDString = 3FE0A7D71C19BAC8006C1C35;
			remoteInfo = NewsApp;
		};
/* End PBXContainerItemProxy section */

/* Begin PBXFileReference section */
		3FE0A7D81C19BAC8006C1C35 /* NewsApp.app */ = {isa = PBXFileReference; explicitFileType = wrapper.application; includeInIndex = 0; path = NewsApp.app; sourceTree = BUILT_PRODUCTS_DIR; };
		3FE0A7DC1C19BAC8006C1C35 /* Info.plist */ = {isa = PBXFileReference; lastKnownFileType = text.plist.xml; path = Info.plist; sourceTree = "<group>"; };
		3FE0A7DD1C19BAC8006C1C35 /* main.m */ = {isa = PBXFileReference; lastKnownFileType = sourcecode.c.objc; path = main.m; sourceTree = "<group>"; };
		3FE0A7DF1C19BAC8006C1C35 /* AppDelegate.h */ = {isa = PBXFileReference; lastKnownFileType = sourcecode.c.h; path = AppDelegate.h; sourceTree = "<group>"; };
		3FE0A7E01C19BAC8006C1C35 /* AppDelegate.m */ = {isa = PBXFileReference; lastKnownFileType = sourcecode.c.objc; path = AppDelegate.m; sourceTree = "<group>"; };
		3FE0A7E21C19BAC8006C1C35 /* ViewController.h */ = {isa = PBXFileReference; lastKnownFileType = sourcecode.c.h; path = ViewController.h; sourceTree = "<group>"; };
		3FE0A7E31C19BAC8006C1C35 /* ViewController.m */ = {isa = PBXFileReference; lastKnownFileType = sourcecode.c.objc; path = ViewController.m; sourceTree = "<group>"; };
		3FE0A7E61C19BAC8006C1C35 /* Base */ = {isa = PBXFileReference; lastKnownFileType = file.storyboard; name = Base; path = Base.lproj/Main.storyboard; sourceTree = "<group>"; };
		3FE0A7E81C19BAC8006C1C35 /* Images.xcassets */ = {isa = PBXFileReference; lastKnownFileType = folder.assetcatalog; path = Images.xcassets; sourceTree = "<group>"; };
		3FE0A7EB1C19BAC8006C1C35 /* Base */ = {isa = PBXFileReference; lastKnownFileType = file.xib; name = Base; path = Base.lproj/LaunchScreen.xib; sourceTree = "<group>"; };
		3FE0A7F11C19BAC8006C1C35 /* NewsAppTests.xctest */ = {isa = PBXFileReference; explicitFileType = wrapper.cfbundle; includeInIndex = 0; path = NewsAppTests.xctest; sourceTree = BUILT_PRODUCTS_DIR; };
		3FE0A7F61C19BAC8006C1C35 /* Info.plist */ = {isa = PBXFileReference; lastKnownFileType = text.plist.xml; path = Info.plist; sourceTree = "<group>"; };
		3FE0A7F71C19BAC8006C1C35 /* NewsAppTests.m */ = {isa = PBXFileReference; lastKnownFileType = sourcecode.c.objc; path = NewsAppTests.m; sourceTree = "<group>"; };
		3FE0A8011C19BB34006C1C35 /* InfoTableViewCell.h */ = {isa = PBXFileReference; fileEncoding = 4; lastKnownFileType = sourcecode.c.h; path = InfoTableViewCell.h; sourceTree = "<group>"; };
		3FE0A8021C19BB34006C1C35 /* InfoTableViewCell.m */ = {isa = PBXFileReference; fileEncoding = 4; lastKnownFileType = sourcecode.c.objc; path = InfoTableViewCell.m; sourceTree = "<group>"; };
		3FE0A8041C19D412006C1C35 /* News.h */ = {isa = PBXFileReference; fileEncoding = 4; lastKnownFileType = sourcecode.c.h; path = News.h; sourceTree = "<group>"; };
		3FE0A8051C19D412006C1C35 /* News.m */ = {isa = PBXFileReference; fileEncoding = 4; lastKnownFileType = sourcecode.c.objc; path = News.m; sourceTree = "<group>"; };
/* End PBXFileReference section */

/* Begin PBXFrameworksBuildPhase section */
		3FE0A7D51C19BAC8006C1C35 /* Frameworks */ = {
			isa = PBXFrameworksBuildPhase;
			buildActionMask = 2147483647;
			files = (
			);
			runOnlyForDeploymentPostprocessing = 0;
		};
		3FE0A7EE1C19BAC8006C1C35 /* Frameworks */ = {
			isa = PBXFrameworksBuildPhase;
			buildActionMask = 2147483647;
			files = (
			);
			runOnlyForDeploymentPostprocessing = 0;
		};
/* End PBXFrameworksBuildPhase section */

/* Begin PBXGroup section */
		3FE0A7CF1C19BAC8006C1C35 = {
			isa = PBXGroup;
			children = (
				3FE0A7DA1C19BAC8006C1C35 /* NewsApp */,
				3FE0A7F41C19BAC8006C1C35 /* NewsAppTests */,
				3FE0A7D91C19BAC8006C1C35 /* Products */,
			);
			sourceTree = "<group>";
		};
		3FE0A7D91C19BAC8006C1C35 /* Products */ = {
			isa = PBXGroup;
			children = (
				3FE0A7D81C19BAC8006C1C35 /* NewsApp.app */,
				3FE0A7F11C19BAC8006C1C35 /* NewsAppTests.xctest */,
			);
			name = Products;
			sourceTree = "<group>";
		};
		3FE0A7DA1C19BAC8006C1C35 /* NewsApp */ = {
			isa = PBXGroup;
			children = (
				3FE0A7DF1C19BAC8006C1C35 /* AppDelegate.h */,
				3FE0A7E01C19BAC8006C1C35 /* AppDelegate.m */,
				3FE0A7E21C19BAC8006C1C35 /* ViewController.h */,
				3FE0A7E31C19BAC8006C1C35 /* ViewController.m */,
				3FE0A8011C19BB34006C1C35 /* InfoTableViewCell.h */,
				3FE0A8021C19BB34006C1C35 /* InfoTableViewCell.m */,
				3FE0A8041C19D412006C1C35 /* News.h */,
				3FE0A8051C19D412006C1C35 /* News.m */,
				3FE0A7E51C19BAC8006C1C35 /* Main.storyboard */,
				3FE0A7E81C19BAC8006C1C35 /* Images.xcassets */,
				3FE0A7EA1C19BAC8006C1C35 /* LaunchScreen.xib */,
				3FE0A7DB1C19BAC8006C1C35 /* Supporting Files */,
			);
			path = NewsApp;
			sourceTree = "<group>";
		};
		3FE0A7DB1C19BAC8006C1C35 /* Supporting Files */ = {
			isa = PBXGroup;
			children = (
				3FE0A7DC1C19BAC8006C1C35 /* Info.plist */,
				3FE0A7DD1C19BAC8006C1C35 /* main.m */,
			);
			name = "Supporting Files";
			sourceTree = "<group>";
		};
		3FE0A7F41C19BAC8006C1C35 /* NewsAppTests */ = {
			isa = PBXGroup;
			children = (
				3FE0A7F71C19BAC8006C1C35 /* NewsAppTests.m */,
				3FE0A7F51C19BAC8006C1C35 /* Supporting Files */,
			);
			path = NewsAppTests;
			sourceTree = "<group>";
		};
		3FE0A7F51C19BAC8006C1C35 /* Supporting Files */ = {
			isa = PBXGroup;
			children = (
				3FE0A7F61C19BAC8006C1C35 /* Info.plist */,
			);
			name = "Supporting Files";
			sourceTree = "<group>";
		};
/* End PBXGroup section */

/* Begin PBXNativeTarget section */
		3FE0A7D71C19BAC8006C1C35 /* NewsApp */ = {
			isa = PBXNativeTarget;
			buildConfigurationList = 3FE0A7FB1C19BAC9006C1C35 /* Build configuration list for PBXNativeTarget "NewsApp" */;
			buildPhases = (
				3FE0A7D41C19BAC8006C1C35 /* Sources */,
				3FE0A7D51C19BAC8006C1C35 /* Frameworks */,
				3FE0A7D61C19BAC8006C1C35 /* Resources */,
			);
			buildRules = (
			);
			dependencies = (
			);
			name = NewsApp;
			productName = NewsApp;
			productReference = 3FE0A7D81C19BAC8006C1C35 /* NewsApp.app */;
			productType = "com.apple.product-type.application";
		};
		3FE0A7F01C19BAC8006C1C35 /* NewsAppTests */ = {
			isa = PBXNativeTarget;
			buildConfigurationList = 3FE0A7FE1C19BAC9006C1C35 /* Build configuration list for PBXNativeTarget "NewsAppTests" */;
			buildPhases = (
				3FE0A7ED1C19BAC8006C1C35 /* Sources */,
				3FE0A7EE1C19BAC8006C1C35 /* Frameworks */,
				3FE0A7EF1C19BAC8006C1C35 /* Resources */,
			);
			buildRules = (
			);
			dependencies = (
				3FE0A7F31C19BAC8006C1C35 /* PBXTargetDependency */,
			);
			name = NewsAppTests;
			productName = NewsAppTests;
			productReference = 3FE0A7F11C19BAC8006C1C35 /* NewsAppTests.xctest */;
			productType = "com.apple.product-type.bundle.unit-test";
		};
/* End PBXNativeTarget section */

/* Begin PBXProject section */
		3FE0A7D01C19BAC8006C1C35 /* Project object */ = {
			isa = PBXProject;
			attributes = {
				LastUpgradeCheck = 0610;
				ORGANIZATIONNAME = Student;
				TargetAttributes = {
					3FE0A7D71C19BAC8006C1C35 = {
						CreatedOnToolsVersion = 6.1.1;
					};
					3FE0A7F01C19BAC8006C1C35 = {
						CreatedOnToolsVersion = 6.1.1;
						TestTargetID = 3FE0A7D71C19BAC8006C1C35;
					};
				};
			};
			buildConfigurationList = 3FE0A7D31C19BAC8006C1C35 /* Build configuration list for PBXProject "NewsApp" */;
			compatibilityVersion = "Xcode 3.2";
			developmentRegion = English;
			hasScannedForEncodings = 0;
			knownRegions = (
				en,
				Base,
			);
			mainGroup = 3FE0A7CF1C19BAC8006C1C35;
			productRefGroup = 3FE0A7D91C19BAC8006C1C35 /* Products */;
			projectDirPath = "";
			projectRoot = "";
			targets = (
				3FE0A7D71C19BAC8006C1C35 /* NewsApp */,
				3FE0A7F01C19BAC8006C1C35 /* NewsAppTests */,
			);
		};
/* End PBXProject section */

/* Begin PBXResourcesBuildPhase section */
		3FE0A7D61C19BAC8006C1C35 /* Resources */ = {
			isa = PBXResourcesBuildPhase;
			buildActionMask = 2147483647;
			files = (
				3FE0A7E71C19BAC8006C1C35 /* Main.storyboard in Resources */,
				3FE0A7EC1C19BAC8006C1C35 /* LaunchScreen.xib in Resources */,
				3FE0A7E91C19BAC8006C1C35 /* Images.xcassets in Resources */,
			);
			runOnlyForDeploymentPostprocessing = 0;
		};
		3FE0A7EF1C19BAC8006C1C35 /* Resources */ = {
			isa = PBXResourcesBuildPhase;
			buildActionMask = 2147483647;
			files = (
			);
			runOnlyForDeploymentPostprocessing = 0;
		};
/* End PBXResourcesBuildPhase section */

/* Begin PBXSourcesBuildPhase section */
		3FE0A7D41C19BAC8006C1C35 /* Sources */ = {
			isa = PBXSourcesBuildPhase;
			buildActionMask = 2147483647;
			files = (
				3FE0A8061C19D412006C1C35 /* News.m in Sources */,
				3FE0A7E41C19BAC8006C1C35 /* ViewController.m in Sources */,
				3FE0A8031C19BB34006C1C35 /* InfoTableViewCell.m in Sources */,
				3FE0A7E11C19BAC8006C1C35 /* AppDelegate.m in Sources */,
				3FE0A7DE1C19BAC8006C1C35 /* main.m in Sources */,
			);
			runOnlyForDeploymentPostprocessing = 0;
		};
		3FE0A7ED1C19BAC8006C1C35 /* Sources */ = {
			isa = PBXSourcesBuildPhase;
			buildActionMask = 2147483647;
			files = (
				3FE0A7F81C19BAC8006C1C35 /* NewsAppTests.m in Sources */,
			);
			runOnlyForDeploymentPostprocessing = 0;
		};
/* End PBXSourcesBuildPhase section */

/* Begin PBXTargetDependency section */
		3FE0A7F31C19BAC8006C1C35 /* PBXTargetDependency */ = {
			isa = PBXTargetDependency;
			target = 3FE0A7D71C19BAC8006C1C35 /* NewsApp */;
			targetProxy = 3FE0A7F21C19BAC8006C1C35 /* PBXContainerItemProxy */;
		};
/* End PBXTargetDependency section */

/* Begin PBXVariantGroup section */
		3FE0A7E51C19BAC8006C1C35 /* Main.storyboard */ = {
			isa = PBXVariantGroup;
			children = (
				3FE0A7E61C19BAC8006C1C35 /* Base */,
			);
			name = Main.storyboard;
			sourceTree = "<group>";
		};
		3FE0A7EA1C19BAC8006C1C35 /* LaunchScreen.xib */ = {
			isa = PBXVariantGroup;
			children = (
				3FE0A7EB1C19BAC8006C1C35 /* Base */,
			);
			name = LaunchScreen.xib;
			sourceTree = "<group>";
		};
/* End PBXVariantGroup section */

/* Begin XCBuildConfiguration section */
		3FE0A7F91C19BAC9006C1C35 /* Debug */ = {
			isa = XCBuildConfiguration;
			buildSettings = {
				ALWAYS_SEARCH_USER_PATHS = NO;
				CLANG_CXX_LANGUAGE_STANDARD = "gnu++0x";
				CLANG_CXX_LIBRARY = "libc++";
				CLANG_ENABLE_MODULES = YES;
				CLANG_ENABLE_OBJC_ARC = YES;
				CLANG_WARN_BOOL_CONVERSION = YES;
				CLANG_WARN_CONSTANT_CONVERSION = YES;
				CLANG_WARN_DIRECT_OBJC_ISA_USAGE = YES_ERROR;
				CLANG_WARN_EMPTY_BODY = YES;
				CLANG_WARN_ENUM_CONVERSION = YES;
				CLANG_WARN_INT_CONVERSION = YES;
				CLANG_WARN_OBJC_ROOT_CLASS = YES_ERROR;
				CLANG_WARN_UNREACHABLE_CODE = YES;
				CLANG_WARN__DUPLICATE_METHOD_MATCH = YES;
				"CODE_SIGN_IDENTITY[sdk=iphoneos*]" = "iPhone Developer";
				COPY_PHASE_STRIP = NO;
				ENABLE_STRICT_OBJC_MSGSEND = YES;
				GCC_C_LANGUAGE_STANDARD = gnu99;
				GCC_DYNAMIC_NO_PIC = NO;
				GCC_OPTIMIZATION_LEVEL = 0;
				GCC_PREPROCESSOR_DEFINITIONS = (
					"DEBUG=1",
					"$(inherited)",
				);
				GCC_SYMBOLS_PRIVATE_EXTERN = NO;
				GCC_WARN_64_TO_32_BIT_CONVERSION = YES;
				GCC_WARN_ABOUT_RETURN_TYPE = YES_ERROR;
				GCC_WARN_UNDECLARED_SELECTOR = YES;
				GCC_WARN_UNINITIALIZED_AUTOS = YES_AGGRESSIVE;
				GCC_WARN_UNUSED_FUNCTION = YES;
				GCC_WARN_UNUSED_VARIABLE = YES;
				IPHONEOS_DEPLOYMENT_TARGET = 8.1;
				MTL_ENABLE_DEBUG_INFO = YES;
				ONLY_ACTIVE_ARCH = YES;
				SDKROOT = iphoneos;
			};
			name = Debug;
		};
		3FE0A7FA1C19BAC9006C1C35 /* Release */ = {
			isa = XCBuildConfiguration;
			buildSettings = {
				ALWAYS_SEARCH_USER_PATHS = NO;
				CLANG_CXX_LANGUAGE_STANDARD = "gnu++0x";
				CLANG_CXX_LIBRARY = "libc++";
				CLANG_ENABLE_MODULES = YES;
				CLANG_ENABLE_OBJC_ARC = YES;
				CLANG_WARN_BOOL_CONVERSION = YES;
				CLANG_WARN_CONSTANT_CONVERSION = YES;
				CLANG_WARN_DIRECT_OBJC_ISA_USAGE = YES_ERROR;
				CLANG_WARN_EMPTY_BODY = YES;
				CLANG_WARN_ENUM_CONVERSION = YES;
				CLANG_WARN_INT_CONVERSION = YES;
				CLANG_WARN_OBJC_ROOT_CLASS = YES_ERROR;
				CLANG_WARN_UNREACHABLE_CODE = YES;
				CLANG_WARN__DUPLICATE_METHOD_MATCH = YES;
				"CODE_SIGN_IDENTITY[sdk=iphoneos*]" = "iPhone Developer";
				COPY_PHASE_STRIP = YES;
				ENABLE_NS_ASSERTIONS = NO;
				ENABLE_STRICT_OBJC_MSGSEND = YES;
				GCC_C_LANGUAGE_STANDARD = gnu99;
				GCC_WARN_64_TO_32_BIT_CONVERSION = YES;
				GCC_WARN_ABOUT_RETURN_TYPE = YES_ERROR;
				GCC_WARN_UNDECLARED_SELECTOR = YES;
				GCC_WARN_UNINITIALIZED_AUTOS = YES_AGGRESSIVE;
				GCC_WARN_UNUSED_FUNCTION = YES;
				GCC_WARN_UNUSED_VARIABLE = YES;
				IPHONEOS_DEPLOYMENT_TARGET = 8.1;
				MTL_ENABLE_DEBUG_INFO = NO;
				SDKROOT = iphoneos;
				VALIDATE_PRODUCT = YES;
			};
			name = Release;
		};
		3FE0A7FC1C19BAC9006C1C35 /* Debug */ = {
			isa = XCBuildConfiguration;
			buildSettings = {
				ASSETCATALOG_COMPILER_APPICON_NAME = AppIcon;
				INFOPLIST_FILE = NewsApp/Info.plist;
				LD_RUNPATH_SEARCH_PATHS = "$(inherited) @executable_path/Frameworks";
				PRODUCT_NAME = "$(TARGET_NAME)";
				TARGETED_DEVICE_FAMILY = 1;
			};
			name = Debug;
		};
		3FE0A7FD1C19BAC9006C1C35 /* Release */ = {
			isa = XCBuildConfiguration;
			buildSettings = {
				ASSETCATALOG_COMPILER_APPICON_NAME = AppIcon;
				INFOPLIST_FILE = NewsApp/Info.plist;
				LD_RUNPATH_SEARCH_PATHS = "$(inherited) @executable_path/Frameworks";
				PRODUCT_NAME = "$(TARGET_NAME)";
				TARGETED_DEVICE_FAMILY = 1;
			};
			name = Release;
		};
		3FE0A7FF1C19BAC9006C1C35 /* Debug */ = {
			isa = XCBuildConfiguration;
			buildSettings = {
				BUNDLE_LOADER = "$(TEST_HOST)";
				FRAMEWORK_SEARCH_PATHS = (
					"$(SDKROOT)/Developer/Library/Frameworks",
					"$(inherited)",
				);
				GCC_PREPROCESSOR_DEFINITIONS = (
					"DEBUG=1",
					"$(inherited)",
				);
				INFOPLIST_FILE = NewsAppTests/Info.plist;
				LD_RUNPATH_SEARCH_PATHS = "$(inherited) @executable_path/Frameworks @loader_path/Frameworks";
				PRODUCT_NAME = "$(TARGET_NAME)";
				TEST_HOST = "$(BUILT_PRODUCTS_DIR)/NewsApp.app/NewsApp";
			};
			name = Debug;
		};
		3FE0A8001C19BAC9006C1C35 /* Release */ = {
			isa = XCBuildConfiguration;
			buildSettings = {
				BUNDLE_LOADER = "$(TEST_HOST)";
				FRAMEWORK_SEARCH_PATHS = (
					"$(SDKROOT)/Developer/Library/Frameworks",
					"$(inherited)",
				);
				INFOPLIST_FILE = NewsAppTests/Info.plist;
				LD_RUNPATH_SEARCH_PATHS = "$(inherited) @executable_path/Frameworks @loader_path/Frameworks";
				PRODUCT_NAME = "$(TARGET_NAME)";
				TEST_HOST = "$(BUILT_PRODUCTS_DIR)/NewsApp.app/NewsApp";
			};
			name = Release;
		};
/* End XCBuildConfiguration section */

/* Begin XCConfigurationList section */
		3FE0A7D31C19BAC8006C1C35 /* Build configuration list for PBXProject "NewsApp" */ = {
			isa = XCConfigurationList;
			buildConfigurations = (
				3FE0A7F91C19BAC9006C1C35 /* Debug */,
				3FE0A7FA1C19BAC9006C1C35 /* Release */,
			);
			defaultConfigurationIsVisible = 0;
			defaultConfigurationName = Release;
		};
		3FE0A7FB1C19BAC9006C1C35 /* Build configuration list for PBXNativeTarget "NewsApp" */ = {
			isa = XCConfigurationList;
			buildConfigurations = (
				3FE0A7FC1C19BAC9006C1C35 /* Debug */,
				3FE0A7FD1C19BAC9006C1C35 /* Release */,
			);
			defaultConfigurationIsVisible = 0;
		};
		3FE0A7FE1C19BAC9006C1C35 /* Build configuration list for PBXNativeTarget "NewsAppTests" */ = {
			isa = XCConfigurationList;
			buildConfigurations = (
				3FE0A7FF1C19BAC9006C1C35 /* Debug */,
				3FE0A8001C19BAC9006C1C35 /* Release */,
			);
			defaultConfigurationIsVisible = 0;
		};
/* End XCConfigurationList section */
	};
	rootObject = 3FE0A7D01C19BAC8006C1C35 /* Project object */;
}
